{
  "requires": true,
  "lockfileVersion": 1,
  "dependencies": {
    "node-wav": {
      "version": "0.0.2",
      "resolved": "https://registry.npmjs.org/node-wav/-/node-wav-0.0.2.tgz",
      "integrity": "sha512-M6Rm/bbG6De/gKGxOpeOobx/dnGuP0dz40adqx38boqHhlWssBJZgLCPBNtb9NkrmnKYiV04xELq+R6PFOnoLA=="
    }
  }
}
